
Microsoft Visual Studio Solution File, Format Version 12.00
# Visual Studio Version 17
VisualStudioVersion = 17.4.33103.184
MinimumVisualStudioVersion = 10.0.40219.1
Project("{9A19103F-16F7-4668-BE54-9A1E7A4F7556}") = "SRW_Backend_API", "SRW_Backend_API\SRW_Backend_API.csproj", "{03FFA38B-D5D9-4038-A8CC-79B93FE4E8E7}"
EndProject
Project("{9A19103F-16F7-4668-BE54-9A1E7A4F7556}") = "SRW_Frontend_Server", "SRW_Frontend_Server\SRW_Frontend_Server.csproj", "{F00E0552-54D9-488F-8D5B-730CA51B63EE}"
EndProject
Global
	GlobalSection(SolutionConfigurationPlatforms) = preSolution
		Debug|Any CPU = Debug|Any CPU
		Release|Any CPU = Release|Any CPU
	EndGlobalSection
	GlobalSection(ProjectConfigurationPlatforms) = postSolution
		{03FFA38B-D5D9-4038-A8CC-79B93FE4E8E7}.Debug|Any CPU.ActiveCfg = Debug|Any CPU
		{03FFA38B-D5D9-4038-A8CC-79B93FE4E8E7}.Debug|Any CPU.Build.0 = Debug|Any CPU
		{03FFA38B-D5D9-4038-A8CC-79B93FE4E8E7}.Release|Any CPU.ActiveCfg = Release|Any CPU
		{03FFA38B-D5D9-4038-A8CC-79B93FE4E8E7}.Release|Any CPU.Build.0 = Release|Any CPU
		{F00E0552-54D9-488F-8D5B-730CA51B63EE}.Debug|Any CPU.ActiveCfg = Debug|Any CPU
		{F00E0552-54D9-488F-8D5B-730CA51B63EE}.Debug|Any CPU.Build.0 = Debug|Any CPU
		{F00E0552-54D9-488F-8D5B-730CA51B63EE}.Release|Any CPU.ActiveCfg = Release|Any CPU
		{F00E0552-54D9-488F-8D5B-730CA51B63EE}.Release|Any CPU.Build.0 = Release|Any CPU
	EndGlobalSection
	GlobalSection(SolutionProperties) = preSolution
		HideSolutionNode = FALSE
	EndGlobalSection
	GlobalSection(ExtensibilityGlobals) = postSolution
		SolutionGuid = {3388A1E3-D7AB-4807-9DB5-6339456891FD}
	EndGlobalSection
EndGlobal
